lockfileVersion: '9.0'

settings:
  autoInstallPeers: true
  excludeLinksFromLockfile: false

importers:

  .:
    dependencies:
      '@openai/codex-sdk':
        specifier: ^0.114.0
        version: 0.114.0

packages:

  '@openai/codex-sdk@0.114.0':
    resolution: {integrity: sha512-28tV+pvoQhhoRADBCtlg24fR6LDTyeUA6C65NBTvYFnDoQVPJcHcAwRrbuWmUMcXdLrXwY2bmiMxyfXlUWQzgw==}
    engines: {node: '>=18'}

  '@openai/codex@0.114.0':
    resolution: {integrity: sha512-HMo8LRR6CtfKkaa28xvFK6eOarmBFTDfsrS9GJtEoaspGGemFok494CpafDspiTZaHZZGHfSUe5SWTUxYq7OaA==}
    engines: {node: '>=16'}
    hasBin: true

  '@openai/codex@0.114.0-darwin-arm64':
    resolution: {integrity: sha512-c9dlgo9O+66alr3s3G36fKE3KaO2+xrLZ/QcU3oujDruV86pqgVSEK2njHi+WIyyOa6m2AyWxdaHLEbKxPCNRg==}
    engines: {node: '>=16'}
    cpu: [arm64]
    os: [darwin]

  '@openai/codex@0.114.0-darwin-x64':
    resolution: {integrity: sha512-oPAPeZSaJZ1AQneFPSJu44uqbZr63Bxut9FOTWZwuSqYx4YEees7i0HJmJcqQc0XnCbYtHJdqo/i07Uv374NLw==}
    engines: {node: '>=16'}
    cpu: [x64]
    os: [darwin]

  '@openai/codex@0.114.0-linux-arm64':
    resolution: {integrity: sha512-oUFZGZgMiEqmo85C+dfhckpVApH25alLWfwBgfKr2IRgdx/tovy8vN101f6kj01E6nDDe4LfJdNSZGtZht4fRA==}
    engines: {node: '>=16'}
    cpu: [arm64]
    os: [linux]

  '@openai/codex@0.114.0-linux-x64':
    resolution: {integrity: sha512-MF6RhxfBoccccd5CYII2C7TL2TvYzombBQhanDZfQAajr6n7IuoazCmoHDlrFHS4AcSw9bYA4MRlrwEjbEjgsw==}
    engines: {node: '>=16'}
    cpu: [x64]
    os: [linux]

  '@openai/codex@0.114.0-win32-arm64':
    resolution: {integrity: sha512-CnRMHopj3en9aqQ2UaDW7EgpEGkxHdZVLLRq2cOy5D0HyuzF6Qb6595ADoFVJHEmPeN5Iz/KUbiGs5GLDjUwOA==}
    engines: {node: '>=16'}
    cpu: [arm64]
    os: [win32]

  '@openai/codex@0.114.0-win32-x64':
    resolution: {integrity: sha512-ztRsH5Z+gPVZ5ZInx6HzXsTFFkuEdjk3Ay0UGVOhRRCWvevXQi/SL4eU8hwysCYrs8K/WRq3mo4c95w9zQ2wLw==}
    engines: {node: '>=16'}
    cpu: [x64]
    os: [win32]

snapshots:

  '@openai/codex-sdk@0.114.0':
    dependencies:
      '@openai/codex': 0.114.0

  '@openai/codex@0.114.0':
    optionalDependencies:
      '@openai/codex-darwin-arm64': '@openai/codex@0.114.0-darwin-arm64'
      '@openai/codex-darwin-x64': '@openai/codex@0.114.0-darwin-x64'
      '@openai/codex-linux-arm64': '@openai/codex@0.114.0-linux-arm64'
      '@openai/codex-linux-x64': '@openai/codex@0.114.0-linux-x64'
      '@openai/codex-win32-arm64': '@openai/codex@0.114.0-win32-arm64'
      '@openai/codex-win32-x64': '@openai/codex@0.114.0-win32-x64'

  '@openai/codex@0.114.0-darwin-arm64':
    optional: true

  '@openai/codex@0.114.0-darwin-x64':
    optional: true

  '@openai/codex@0.114.0-linux-arm64':
    optional: true

  '@openai/codex@0.114.0-linux-x64':
    optional: true

  '@openai/codex@0.114.0-win32-arm64':
    optional: true

  '@openai/codex@0.114.0-win32-x64':
    optional: true
